// !$*UTF8*$!
{
	archiveVersion = 1;
	classes = {
	};
	objectVersion = 50;
	objects = {

/* Begin PBXBuildFile section */
		4B42EB732740028900563BB0 /* AddContactViewController.swift in Sources */ = {isa = PBXBuildFile; fileRef = 4B42EB722740028900563BB0 /* AddContactViewController.swift */; };
		4B547C62274AD6680000C315 /* EditContactViewContoller.swift in Sources */ = {isa = PBXBuildFile; fileRef = 4B547C61274AD6680000C315 /* EditContactViewContoller.swift */; };
		4B5DFFAC273BE73800934529 /* AppDelegate.swift in Sources */ = {isa = PBXBuildFile; fileRef = 4B5DFFAB273BE73800934529 /* AppDelegate.swift */; };
		4B5DFFAE273BE73800934529 /* SceneDelegate.swift in Sources */ = {isa = PBXBuildFile; fileRef = 4B5DFFAD273BE73800934529 /* SceneDelegate.swift */; };
		4B5DFFB0273BE73800934529 /* ViewController.swift in Sources */ = {isa = PBXBuildFile; fileRef = 4B5DFFAF273BE73800934529 /* ViewController.swift */; };
		4B5DFFB3273BE73800934529 /* Main.storyboard in Resources */ = {isa = PBXBuildFile; fileRef = 4B5DFFB1273BE73800934529 /* Main.storyboard */; };
		4B5DFFB5273BE73900934529 /* Assets.xcassets in Resources */ = {isa = PBXBuildFile; fileRef = 4B5DFFB4273BE73900934529 /* Assets.xcassets */; };
		4B5DFFB8273BE73900934529 /* LaunchScreen.storyboard in Resources */ = {isa = PBXBuildFile; fileRef = 4B5DFFB6273BE73900934529 /* LaunchScreen.storyboard */; };
		4BD32B8E273BEE2D001C9627 /* PersonModel.swift in Sources */ = {isa = PBXBuildFile; fileRef = 4BD32B8D273BEE2D001C9627 /* PersonModel.swift */; };
		4BD32B92273C12DC001C9627 /* InfoViewController.swift in Sources */ = {isa = PBXBuildFile; fileRef = 4BD32B91273C12DC001C9627 /* InfoViewController.swift */; };
/* End PBXBuildFile section */

/* Begin PBXFileReference section */
		4B42EB722740028900563BB0 /* AddContactViewController.swift */ = {isa = PBXFileReference; lastKnownFileType = sourcecode.swift; path = AddContactViewController.swift; sourceTree = "<group>"; };
		4B547C61274AD6680000C315 /* EditContactViewContoller.swift */ = {isa = PBXFileReference; lastKnownFileType = sourcecode.swift; path = EditContactViewContoller.swift; sourceTree = "<group>"; };
		4B5DFFA8273BE73800934529 /* contacts.app */ = {isa = PBXFileReference; explicitFileType = wrapper.application; includeInIndex = 0; path = contacts.app; sourceTree = BUILT_PRODUCTS_DIR; };
		4B5DFFAB273BE73800934529 /* AppDelegate.swift */ = {isa = PBXFileReference; lastKnownFileType = sourcecode.swift; path = AppDelegate.swift; sourceTree = "<group>"; };
		4B5DFFAD273BE73800934529 /* SceneDelegate.swift */ = {isa = PBXFileReference; lastKnownFileType = sourcecode.swift; path = SceneDelegate.swift; sourceTree = "<group>"; };
		4B5DFFAF273BE73800934529 /* ViewController.swift */ = {isa = PBXFileReference; lastKnownFileType = sourcecode.swift; path = ViewController.swift; sourceTree = "<group>"; };
		4B5DFFB2273BE73800934529 /* Base */ = {isa = PBXFileReference; lastKnownFileType = file.storyboard; name = Base; path = Base.lproj/Main.storyboard; sourceTree = "<group>"; };
		4B5DFFB4273BE73900934529 /* Assets.xcassets */ = {isa = PBXFileReference; lastKnownFileType = folder.assetcatalog; path = Assets.xcassets; sourceTree = "<group>"; };
		4B5DFFB7273BE73900934529 /* Base */ = {isa = PBXFileReference; lastKnownFileType = file.storyboard; name = Base; path = Base.lproj/LaunchScreen.storyboard; sourceTree = "<group>"; };
		4B5DFFB9273BE73900934529 /* Info.plist */ = {isa = PBXFileReference; lastKnownFileType = text.plist.xml; path = Info.plist; sourceTree = "<group>"; };
		4BD32B8D273BEE2D001C9627 /* PersonModel.swift */ = {isa = PBXFileReference; lastKnownFileType = sourcecode.swift; path = PersonModel.swift; sourceTree = "<group>"; };
		4BD32B91273C12DC001C9627 /* InfoViewController.swift */ = {isa = PBXFileReference; lastKnownFileType = sourcecode.swift; path = InfoViewController.swift; sourceTree = "<group>"; };
/* End PBXFileReference section */

/* Begin PBXFrameworksBuildPhase section */
		4B5DFFA5273BE73800934529 /* Frameworks */ = {
			isa = PBXFrameworksBuildPhase;
			buildActionMask = 2147483647;
			files = (
			);
			runOnlyForDeploymentPostprocessing = 0;
		};
/* End PBXFrameworksBuildPhase section */

/* Begin PBXGroup section */
		4B5DFF9F273BE73800934529 = {
			isa = PBXGroup;
			children = (
				4B5DFFAA273BE73800934529 /* contacts */,
				4B5DFFA9273BE73800934529 /* Products */,
			);
			sourceTree = "<group>";
		};
		4B5DFFA9273BE73800934529 /* Products */ = {
			isa = PBXGroup;
			children = (
				4B5DFFA8273BE73800934529 /* contacts.app */,
			);
			name = Products;
			sourceTree = "<group>";
		};
		4B5DFFAA273BE73800934529 /* contacts */ = {
			isa = PBXGroup;
			children = (
				4B5DFFAB273BE73800934529 /* AppDelegate.swift */,
				4B5DFFAD273BE73800934529 /* SceneDelegate.swift */,
				4B5DFFAF273BE73800934529 /* ViewController.swift */,
				4B5DFFB1273BE73800934529 /* Main.storyboard */,
				4B5DFFB4273BE73900934529 /* Assets.xcassets */,
				4B5DFFB6273BE73900934529 /* LaunchScreen.storyboard */,
				4B5DFFB9273BE73900934529 /* Info.plist */,
				4BD32B8D273BEE2D001C9627 /* PersonModel.swift */,
				4BD32B91273C12DC001C9627 /* InfoViewController.swift */,
				4B42EB722740028900563BB0 /* AddContactViewController.swift */,
				4B547C61274AD6680000C315 /* EditContactViewContoller.swift */,
			);
			path = contacts;
			sourceTree = "<group>";
		};
/* End PBXGroup section */

/* Begin PBXNativeTarget section */
		4B5DFFA7273BE73800934529 /* contacts */ = {
			isa = PBXNativeTarget;
			buildConfigurationList = 4B5DFFBC273BE73900934529 /* Build configuration list for PBXNativeTarget "contacts" */;
			buildPhases = (
				4B5DFFA4273BE73800934529 /* Sources */,
				4B5DFFA5273BE73800934529 /* Frameworks */,
				4B5DFFA6273BE73800934529 /* Resources */,
			);
			buildRules = (
			);
			dependencies = (
			);
			name = contacts;
			productName = contacts;
			productReference = 4B5DFFA8273BE73800934529 /* contacts.app */;
			productType = "com.apple.product-type.application";
		};
/* End PBXNativeTarget section */

/* Begin PBXProject section */
		4B5DFFA0273BE73800934529 /* Project object */ = {
			isa = PBXProject;
			attributes = {
				LastSwiftUpdateCheck = 1250;
				LastUpgradeCheck = 1250;
				TargetAttributes = {
					4B5DFFA7273BE73800934529 = {
						CreatedOnToolsVersion = 12.5.1;
					};
				};
			};
			buildConfigurationList = 4B5DFFA3273BE73800934529 /* Build configuration list for PBXProject "contacts" */;
			compatibilityVersion = "Xcode 9.3";
			developmentRegion = en;
			hasScannedForEncodings = 0;
			knownRegions = (
				en,
				Base,
			);
			mainGroup = 4B5DFF9F273BE73800934529;
			productRefGroup = 4B5DFFA9273BE73800934529 /* Products */;
			projectDirPath = "";
			projectRoot = "";
			targets = (
				4B5DFFA7273BE73800934529 /* contacts */,
			);
		};
/* End PBXProject section */

/* Begin PBXResourcesBuildPhase section */
		4B5DFFA6273BE73800934529 /* Resources */ = {
			isa = PBXResourcesBuildPhase;
			buildActionMask = 2147483647;
			files = (
				4B5DFFB8273BE73900934529 /* LaunchScreen.storyboard in Resources */,
				4B5DFFB5273BE73900934529 /* Assets.xcassets in Resources */,
				4B5DFFB3273BE73800934529 /* Main.storyboard in Resources */,
			);
			runOnlyForDeploymentPostprocessing = 0;
		};
/* End PBXResourcesBuildPhase section */

/* Begin PBXSourcesBuildPhase section */
		4B5DFFA4273BE73800934529 /* Sources */ = {
			isa = PBXSourcesBuildPhase;
			buildActionMask = 2147483647;
			files = (
				4BD32B8E273BEE2D001C9627 /* PersonModel.swift in Sources */,
				4B5DFFB0273BE73800934529 /* ViewController.swift in Sources */,
				4B5DFFAC273BE73800934529 /* AppDelegate.swift in Sources */,
				4B42EB732740028900563BB0 /* AddContactViewController.swift in Sources */,
				4B5DFFAE273BE73800934529 /* SceneDelegate.swift in Sources */,
				4B547C62274AD6680000C315 /* EditContactViewContoller.swift in Sources */,
				4BD32B92273C12DC001C9627 /* InfoViewController.swift in Sources */,
			);
			runOnlyForDeploymentPostprocessing = 0;
		};
/* End PBXSourcesBuildPhase section */

/* Begin PBXVariantGroup section */
		4B5DFFB1273BE73800934529 /* Main.storyboard */ = {
			isa = PBXVariantGroup;
			children = (
				4B5DFFB2273BE73800934529 /* Base */,
			);
			name = Main.storyboard;
			sourceTree = "<group>";
		};
		4B5DFFB6273BE73900934529 /* LaunchScreen.storyboard */ = {
			isa = PBXVariantGroup;
			children = (
				4B5DFFB7273BE73900934529 /* Base */,
			);
			name = LaunchScreen.storyboard;
			sourceTree = "<group>";
		};
/* End PBXVariantGroup section */

/* Begin XCBuildConfiguration section */
		4B5DFFBA273BE73900934529 /* Debug */ = {
			isa = XCBuildConfiguration;
			buildSettings = {
				ALWAYS_SEARCH_USER_PATHS = NO;
				CLANG_ANALYZER_NONNULL = YES;
				CLANG_ANALYZER_NUMBER_OBJECT_CONVERSION = YES_AGGRESSIVE;
				CLANG_CXX_LANGUAGE_STANDARD = "gnu++14";
				CLANG_CXX_LIBRARY = "libc++";
				CLANG_ENABLE_MODULES = YES;
				CLANG_ENABLE_OBJC_ARC = YES;
				CLANG_ENABLE_OBJC_WEAK = YES;
				CLANG_WARN_BLOCK_CAPTURE_AUTORELEASING = YES;
				CLANG_WARN_BOOL_CONVERSION = YES;
				CLANG_WARN_COMMA = YES;
				CLANG_WARN_CONSTANT_CONVERSION = YES;
				CLANG_WARN_DEPRECATED_OBJC_IMPLEMENTATIONS = YES;
				CLANG_WARN_DIRECT_OBJC_ISA_USAGE = YES_ERROR;
				CLANG_WARN_DOCUMENTATION_COMMENTS = YES;
				CLANG_WARN_EMPTY_BODY = YES;
				CLANG_WARN_ENUM_CONVERSION = YES;
				CLANG_WARN_INFINITE_RECURSION = YES;
				CLANG_WARN_INT_CONVERSION = YES;
				CLANG_WARN_NON_LITERAL_NULL_CONVERSION = YES;
				CLANG_WARN_OBJC_IMPLICIT_RETAIN_SELF = YES;
				CLANG_WARN_OBJC_LITERAL_CONVERSION = YES;
				CLANG_WARN_OBJC_ROOT_CLASS = YES_ERROR;
				CLANG_WARN_QUOTED_INCLUDE_IN_FRAMEWORK_HEADER = YES;
				CLANG_WARN_RANGE_LOOP_ANALYSIS = YES;
				CLANG_WARN_STRICT_PROTOTYPES = YES;
				CLANG_WARN_SUSPICIOUS_MOVE = YES;
				CLANG_WARN_UNGUARDED_AVAILABILITY = YES_AGGRESSIVE;
				CLANG_WARN_UNREACHABLE_CODE = YES;
				CLANG_WARN__DUPLICATE_METHOD_MATCH = YES;
				COPY_PHASE_STRIP = NO;
				DEBUG_INFORMATION_FORMAT = dwarf;
				ENABLE_STRICT_OBJC_MSGSEND = YES;
				ENABLE_TESTABILITY = YES;
				GCC_C_LANGUAGE_STANDARD = gnu11;
				GCC_DYNAMIC_NO_PIC = NO;
				GCC_NO_COMMON_BLOCKS = YES;
				GCC_OPTIMIZATION_LEVEL = 0;
				GCC_PREPROCESSOR_DEFINITIONS = (
					"DEBUG=1",
					"$(inherited)",
				);
				GCC_WARN_64_TO_32_BIT_CONVERSION = YES;
				GCC_WARN_ABOUT_RETURN_TYPE = YES_ERROR;
				GCC_WARN_UNDECLARED_SELECTOR = YES;
				GCC_WARN_UNINITIALIZED_AUTOS = YES_AGGRESSIVE;
				GCC_WARN_UNUSED_FUNCTION = YES;
				GCC_WARN_UNUSED_VARIABLE = YES;
				IPHONEOS_DEPLOYMENT_TARGET = 14.5;
				MTL_ENABLE_DEBUG_INFO = INCLUDE_SOURCE;
				MTL_FAST_MATH = YES;
				ONLY_ACTIVE_ARCH = YES;
				SDKROOT = iphoneos;
				SWIFT_ACTIVE_COMPILATION_CONDITIONS = DEBUG;
				SWIFT_OPTIMIZATION_LEVEL = "-Onone";
			};
			name = Debug;
		};
		4B5DFFBB273BE73900934529 /* Release */ = {
			isa = XCBuildConfiguration;
			buildSettings = {
				ALWAYS_SEARCH_USER_PATHS = NO;
				CLANG_ANALYZER_NONNULL = YES;
				CLANG_ANALYZER_NUMBER_OBJECT_CONVERSION = YES_AGGRESSIVE;
				CLANG_CXX_LANGUAGE_STANDARD = "gnu++14";
				CLANG_CXX_LIBRARY = "libc++";
				CLANG_ENABLE_MODULES = YES;
				CLANG_ENABLE_OBJC_ARC = YES;
				CLANG_ENABLE_OBJC_WEAK = YES;
				CLANG_WARN_BLOCK_CAPTURE_AUTORELEASING = YES;
				CLANG_WARN_BOOL_CONVERSION = YES;
				CLANG_WARN_COMMA = YES;
				CLANG_WARN_CONSTANT_CONVERSION = YES;
				CLANG_WARN_DEPRECATED_OBJC_IMPLEMENTATIONS = YES;
				CLANG_WARN_DIRECT_OBJC_ISA_USAGE = YES_ERROR;
				CLANG_WARN_DOCUMENTATION_COMMENTS = YES;
				CLANG_WARN_EMPTY_BODY = YES;
				CLANG_WARN_ENUM_CONVERSION = YES;
				CLANG_WARN_INFINITE_RECURSION = YES;
				CLANG_WARN_INT_CONVERSION = YES;
				CLANG_WARN_NON_LITERAL_NULL_CONVERSION = YES;
				CLANG_WARN_OBJC_IMPLICIT_RETAIN_SELF = YES;
				CLANG_WARN_OBJC_LITERAL_CONVERSION = YES;
				CLANG_WARN_OBJC_ROOT_CLASS = YES_ERROR;
				CLANG_WARN_QUOTED_INCLUDE_IN_FRAMEWORK_HEADER = YES;
				CLANG_WARN_RANGE_LOOP_ANALYSIS = YES;
				CLANG_WARN_STRICT_PROTOTYPES = YES;
				CLANG_WARN_SUSPICIOUS_MOVE = YES;
				CLANG_WARN_UNGUARDED_AVAILABILITY = YES_AGGRESSIVE;
				CLANG_WARN_UNREACHABLE_CODE = YES;
				CLANG_WARN__DUPLICATE_METHOD_MATCH = YES;
				COPY_PHASE_STRIP = NO;
				DEBUG_INFORMATION_FORMAT = "dwarf-with-dsym";
				ENABLE_NS_ASSERTIONS = NO;
				ENABLE_STRICT_OBJC_MSGSEND = YES;
				GCC_C_LANGUAGE_STANDARD = gnu11;
				GCC_NO_COMMON_BLOCKS = YES;
				GCC_WARN_64_TO_32_BIT_CONVERSION = YES;
				GCC_WARN_ABOUT_RETURN_TYPE = YES_ERROR;
				GCC_WARN_UNDECLARED_SELECTOR = YES;
				GCC_WARN_UNINITIALIZED_AUTOS = YES_AGGRESSIVE;
				GCC_WARN_UNUSED_FUNCTION = YES;
				GCC_WARN_UNUSED_VARIABLE = YES;
				IPHONEOS_DEPLOYMENT_TARGET = 14.5;
				MTL_ENABLE_DEBUG_INFO = NO;
				MTL_FAST_MATH = YES;
				SDKROOT = iphoneos;
				SWIFT_COMPILATION_MODE = wholemodule;
				SWIFT_OPTIMIZATION_LEVEL = "-O";
				VALIDATE_PRODUCT = YES;
			};
			name = Release;
		};
		4B5DFFBD273BE73900934529 /* Debug */ = {
			isa = XCBuildConfiguration;
			buildSettings = {
				ASSETCATALOG_COMPILER_APPICON_NAME = AppIcon;
				ASSETCATALOG_COMPILER_GLOBAL_ACCENT_COLOR_NAME = AccentColor;
				CODE_SIGN_STYLE = Automatic;
				DEVELOPMENT_TEAM = 57Y8KDNB9P;
				INFOPLIST_FILE = contacts/Info.plist;
				LD_RUNPATH_SEARCH_PATHS = (
					"$(inherited)",
					"@executable_path/Frameworks",
				);
				PRODUCT_BUNDLE_IDENTIFIER = "evgenii-levchenko.contacts";
				PRODUCT_NAME = "$(TARGET_NAME)";
				SWIFT_VERSION = 5.0;
				TARGETED_DEVICE_FAMILY = "1,2";
			};
			name = Debug;
		};
		4B5DFFBE273BE73900934529 /* Release */ = {
			isa = XCBuildConfiguration;
			buildSettings = {
				ASSETCATALOG_COMPILER_APPICON_NAME = AppIcon;
				ASSETCATALOG_COMPILER_GLOBAL_ACCENT_COLOR_NAME = AccentColor;
				CODE_SIGN_STYLE = Automatic;
				DEVELOPMENT_TEAM = 57Y8KDNB9P;
				INFOPLIST_FILE = contacts/Info.plist;
				LD_RUNPATH_SEARCH_PATHS = (
					"$(inherited)",
					"@executable_path/Frameworks",
				);
				PRODUCT_BUNDLE_IDENTIFIER = "evgenii-levchenko.contacts";
				PRODUCT_NAME = "$(TARGET_NAME)";
				SWIFT_VERSION = 5.0;
				TARGETED_DEVICE_FAMILY = "1,2";
			};
			name = Release;
		};
/* End XCBuildConfiguration section */

/* Begin XCConfigurationList section */
		4B5DFFA3273BE73800934529 /* Build configuration list for PBXProject "contacts" */ = {
			isa = XCConfigurationList;
			buildConfigurations = (
				4B5DFFBA273BE73900934529 /* Debug */,
				4B5DFFBB273BE73900934529 /* Release */,
			);
			defaultConfigurationIsVisible = 0;
			defaultConfigurationName = Release;
		};
		4B5DFFBC273BE73900934529 /* Build configuration list for PBXNativeTarget "contacts" */ = {
			isa = XCConfigurationList;
			buildConfigurations = (
				4B5DFFBD273BE73900934529 /* Debug */,
				4B5DFFBE273BE73900934529 /* Release */,
			);
			defaultConfigurationIsVisible = 0;
			defaultConfigurationName = Release;
		};
/* End XCConfigurationList section */
	};
	rootObject = 4B5DFFA0273BE73800934529 /* Project object */;
}
